
Microsoft Visual Studio Solution File, Format Version 12.00
# Visual Studio Version 17
VisualStudioVersion = 17.1.32210.238
MinimumVisualStudioVersion = 10.0.40219.1
Project("{FAE04EC0-301F-11D3-BF4B-00C04F79EFBC}") = "ConcurrentProgramming", "ConcurrentProgramming\ConcurrentProgramming.csproj", "{84B6C63E-FF2F-4601-8EA0-0267413EB341}"
EndProject
Project("{FAE04EC0-301F-11D3-BF4B-00C04F79EFBC}") = "TestClass", "TestClass\TestClass.csproj", "{2A1961EC-D53F-4E27-907B-7E82AF0EA5EE}"
	ProjectSection(ProjectDependencies) = postProject
		{84B6C63E-FF2F-4601-8EA0-0267413EB341} = {84B6C63E-FF2F-4601-8EA0-0267413EB341}
	EndProjectSection
EndProject
Global
	GlobalSection(SolutionConfigurationPlatforms) = preSolution
		Debug|Any CPU = Debug|Any CPU
		Release|Any CPU = Release|Any CPU
	EndGlobalSection
	GlobalSection(ProjectConfigurationPlatforms) = postSolution
		{84B6C63E-FF2F-4601-8EA0-0267413EB341}.Debug|Any CPU.ActiveCfg = Debug|Any CPU
		{84B6C63E-FF2F-4601-8EA0-0267413EB341}.Debug|Any CPU.Build.0 = Debug|Any CPU
		{84B6C63E-FF2F-4601-8EA0-0267413EB341}.Release|Any CPU.ActiveCfg = Release|Any CPU
		{84B6C63E-FF2F-4601-8EA0-0267413EB341}.Release|Any CPU.Build.0 = Release|Any CPU
		{2A1961EC-D53F-4E27-907B-7E82AF0EA5EE}.Debug|Any CPU.ActiveCfg = Debug|Any CPU
		{2A1961EC-D53F-4E27-907B-7E82AF0EA5EE}.Debug|Any CPU.Build.0 = Debug|Any CPU
		{2A1961EC-D53F-4E27-907B-7E82AF0EA5EE}.Release|Any CPU.ActiveCfg = Release|Any CPU
		{2A1961EC-D53F-4E27-907B-7E82AF0EA5EE}.Release|Any CPU.Build.0 = Release|Any CPU
	EndGlobalSection
	GlobalSection(SolutionProperties) = preSolution
		HideSolutionNode = FALSE
	EndGlobalSection
	GlobalSection(ExtensibilityGlobals) = postSolution
		SolutionGuid = {9FB0058B-C4C7-4530-BDAC-6E87ACAA30C0}
	EndGlobalSection
EndGlobal
